
Microsoft Visual Studio Solution File, Format Version 12.00
# Visual Studio Version 16
VisualStudioVersion = 16.0.28917.181
MinimumVisualStudioVersion = 10.0.40219.1
Project("{FAE04EC0-301F-11D3-BF4B-00C04F79EFBC}") = "Crc32.NET", "Crc32.NET\Crc32.NET.csproj", "{D2CD2407-76A9-4A87-8940-873B59E7F5C5}"
EndProject
Project("{FAE04EC0-301F-11D3-BF4B-00C04F79EFBC}") = "CatswordsTab.App", "CatswordsTab.App\CatswordsTab.App.csproj", "{99E2CB17-4B5B-407A-9AD0-CFFD883CFA89}"
EndProject
Project("{FAE04EC0-301F-11D3-BF4B-00C04F79EFBC}") = "CatswordsTab.Shell", "CatswordsTab.Shell\CatswordsTab.Shell.csproj", "{96E9B776-A3EF-4CD8-959F-062FB28B7822}"
EndProject
Global
	GlobalSection(SolutionConfigurationPlatforms) = preSolution
		Build|Any CPU = Build|Any CPU
		Debug|Any CPU = Debug|Any CPU
		Release|Any CPU = Release|Any CPU
	EndGlobalSection
	GlobalSection(ProjectConfigurationPlatforms) = postSolution
		{D2CD2407-76A9-4A87-8940-873B59E7F5C5}.Build|Any CPU.ActiveCfg = Build|Any CPU
		{D2CD2407-76A9-4A87-8940-873B59E7F5C5}.Build|Any CPU.Build.0 = Build|Any CPU
		{D2CD2407-76A9-4A87-8940-873B59E7F5C5}.Debug|Any CPU.ActiveCfg = Debug|Any CPU
		{D2CD2407-76A9-4A87-8940-873B59E7F5C5}.Debug|Any CPU.Build.0 = Debug|Any CPU
		{D2CD2407-76A9-4A87-8940-873B59E7F5C5}.Release|Any CPU.ActiveCfg = Release|Any CPU
		{D2CD2407-76A9-4A87-8940-873B59E7F5C5}.Release|Any CPU.Build.0 = Release|Any CPU
		{99E2CB17-4B5B-407A-9AD0-CFFD883CFA89}.Build|Any CPU.ActiveCfg = Release|Any CPU
		{99E2CB17-4B5B-407A-9AD0-CFFD883CFA89}.Build|Any CPU.Build.0 = Release|Any CPU
		{99E2CB17-4B5B-407A-9AD0-CFFD883CFA89}.Debug|Any CPU.ActiveCfg = Debug|Any CPU
		{99E2CB17-4B5B-407A-9AD0-CFFD883CFA89}.Debug|Any CPU.Build.0 = Debug|Any CPU
		{99E2CB17-4B5B-407A-9AD0-CFFD883CFA89}.Release|Any CPU.ActiveCfg = Release|Any CPU
		{99E2CB17-4B5B-407A-9AD0-CFFD883CFA89}.Release|Any CPU.Build.0 = Release|Any CPU
		{96E9B776-A3EF-4CD8-959F-062FB28B7822}.Build|Any CPU.ActiveCfg = Release|Any CPU
		{96E9B776-A3EF-4CD8-959F-062FB28B7822}.Build|Any CPU.Build.0 = Release|Any CPU
		{96E9B776-A3EF-4CD8-959F-062FB28B7822}.Debug|Any CPU.ActiveCfg = Debug|Any CPU
		{96E9B776-A3EF-4CD8-959F-062FB28B7822}.Debug|Any CPU.Build.0 = Debug|Any CPU
		{96E9B776-A3EF-4CD8-959F-062FB28B7822}.Release|Any CPU.ActiveCfg = Release|Any CPU
		{96E9B776-A3EF-4CD8-959F-062FB28B7822}.Release|Any CPU.Build.0 = Release|Any CPU
	EndGlobalSection
	GlobalSection(SolutionProperties) = preSolution
		HideSolutionNode = FALSE
	EndGlobalSection
	GlobalSection(ExtensibilityGlobals) = postSolution
		SolutionGuid = {E4EC8A85-1DB3-4041-BC43-CB55F1B8CDC2}
	EndGlobalSection
EndGlobal
